
Microsoft Visual Studio Solution File, Format Version 12.00
# Visual Studio Version 16
VisualStudioVersion = 16.0.32002.261
MinimumVisualStudioVersion = 10.0.40219.1
Project("{FAE04EC0-301F-11D3-BF4B-00C04F79EFBC}") = "WordCounter", "WordCounter\WordCounter.csproj", "{D2713A81-BAA8-46D6-B17E-0B839A782B7F}"
EndProject
Global
	GlobalSection(SolutionConfigurationPlatforms) = preSolution
		Debug|Any CPU = Debug|Any CPU
		Release|Any CPU = Release|Any CPU
	EndGlobalSection
	GlobalSection(ProjectConfigurationPlatforms) = postSolution
		{D2713A81-BAA8-46D6-B17E-0B839A782B7F}.Debug|Any CPU.ActiveCfg = Debug|Any CPU
		{D2713A81-BAA8-46D6-B17E-0B839A782B7F}.Debug|Any CPU.Build.0 = Debug|Any CPU
		{D2713A81-BAA8-46D6-B17E-0B839A782B7F}.Release|Any CPU.ActiveCfg = Release|Any CPU
		{D2713A81-BAA8-46D6-B17E-0B839A782B7F}.Release|Any CPU.Build.0 = Release|Any CPU
	EndGlobalSection
	GlobalSection(SolutionProperties) = preSolution
		HideSolutionNode = FALSE
	EndGlobalSection
	GlobalSection(ExtensibilityGlobals) = postSolution
		SolutionGuid = {691AEC34-C647-4BE0-9EC1-E5BE7DBD219C}
	EndGlobalSection
EndGlobal
